
Microsoft Visual Studio Solution File, Format Version 12.00
# Visual Studio Version 17
VisualStudioVersion = 17.5.33502.453
MinimumVisualStudioVersion = 10.0.40219.1
Project("{FAE04EC0-301F-11D3-BF4B-00C04F79EFBC}") = "bazy", "bazy\bazy.csproj", "{B0B033F9-E1AA-4427-824B-AB1F93502DA3}"
EndProject
Global
	GlobalSection(SolutionConfigurationPlatforms) = preSolution
		Debug|Any CPU = Debug|Any CPU
		Release|Any CPU = Release|Any CPU
	EndGlobalSection
	GlobalSection(ProjectConfigurationPlatforms) = postSolution
		{B0B033F9-E1AA-4427-824B-AB1F93502DA3}.Debug|Any CPU.ActiveCfg = Debug|Any CPU
		{B0B033F9-E1AA-4427-824B-AB1F93502DA3}.Debug|Any CPU.Build.0 = Debug|Any CPU
		{B0B033F9-E1AA-4427-824B-AB1F93502DA3}.Release|Any CPU.ActiveCfg = Release|Any CPU
		{B0B033F9-E1AA-4427-824B-AB1F93502DA3}.Release|Any CPU.Build.0 = Release|Any CPU
	EndGlobalSection
	GlobalSection(SolutionProperties) = preSolution
		HideSolutionNode = FALSE
	EndGlobalSection
	GlobalSection(ExtensibilityGlobals) = postSolution
		SolutionGuid = {DFE1DCCA-2BEB-4BCB-8823-5253DCCB849F}
	EndGlobalSection
EndGlobal
